// !$*UTF8*$!
{
	archiveVersion = 1;
	classes = {
	};
	objectVersion = 46;
	objects = {

/* Begin PBXBuildFile section */
		2280B1A11BE68BEE00629BC0 /* TraitView.swift in Sources */ = {isa = PBXBuildFile; fileRef = 2280B1A01BE68BEE00629BC0 /* TraitView.swift */; };
		228E013B1BE4FBD7005D3C05 /* FloatButtonViewController.swift in Sources */ = {isa = PBXBuildFile; fileRef = 228E013A1BE4FBD7005D3C05 /* FloatButtonViewController.swift */; };
		22B1D0071BE01E5C00A18E90 /* AppDelegate.swift in Sources */ = {isa = PBXBuildFile; fileRef = 22B1D0061BE01E5C00A18E90 /* AppDelegate.swift */; };
		22B1D0091BE01E5C00A18E90 /* ViewController.swift in Sources */ = {isa = PBXBuildFile; fileRef = 22B1D0081BE01E5C00A18E90 /* ViewController.swift */; };
		22B1D00C1BE01E5C00A18E90 /* Main.storyboard in Resources */ = {isa = PBXBuildFile; fileRef = 22B1D00A1BE01E5C00A18E90 /* Main.storyboard */; };
		22B1D00E1BE01E5C00A18E90 /* Assets.xcassets in Resources */ = {isa = PBXBuildFile; fileRef = 22B1D00D1BE01E5C00A18E90 /* Assets.xcassets */; };
		22B1D0111BE01E5C00A18E90 /* LaunchScreen.storyboard in Resources */ = {isa = PBXBuildFile; fileRef = 22B1D00F1BE01E5C00A18E90 /* LaunchScreen.storyboard */; };
		22CE2E071BE2CF8900DA5A28 /* PewTableViewController.swift in Sources */ = {isa = PBXBuildFile; fileRef = 22CE2E061BE2CF8900DA5A28 /* PewTableViewController.swift */; };
		22CE2E091BE39CF600DA5A28 /* PewView.swift in Sources */ = {isa = PBXBuildFile; fileRef = 22CE2E081BE39CF600DA5A28 /* PewView.swift */; };
/* End PBXBuildFile section */

/* Begin PBXFileReference section */
		2280B1A01BE68BEE00629BC0 /* TraitView.swift */ = {isa = PBXFileReference; fileEncoding = 4; lastKnownFileType = sourcecode.swift; path = TraitView.swift; sourceTree = "<group>"; };
		228E01391BE40246005D3C05 /* MyPlayground.playground */ = {isa = PBXFileReference; lastKnownFileType = file.playground; path = MyPlayground.playground; sourceTree = "<group>"; };
		228E013A1BE4FBD7005D3C05 /* FloatButtonViewController.swift */ = {isa = PBXFileReference; fileEncoding = 4; lastKnownFileType = sourcecode.swift; path = FloatButtonViewController.swift; sourceTree = "<group>"; };
		22B1D0031BE01E5C00A18E90 /* StackView.app */ = {isa = PBXFileReference; explicitFileType = wrapper.application; includeInIndex = 0; path = StackView.app; sourceTree = BUILT_PRODUCTS_DIR; };
		22B1D0061BE01E5C00A18E90 /* AppDelegate.swift */ = {isa = PBXFileReference; lastKnownFileType = sourcecode.swift; path = AppDelegate.swift; sourceTree = "<group>"; };
		22B1D0081BE01E5C00A18E90 /* ViewController.swift */ = {isa = PBXFileReference; lastKnownFileType = sourcecode.swift; path = ViewController.swift; sourceTree = "<group>"; };
		22B1D00B1BE01E5C00A18E90 /* Base */ = {isa = PBXFileReference; lastKnownFileType = file.storyboard; name = Base; path = Base.lproj/Main.storyboard; sourceTree = "<group>"; };
		22B1D00D1BE01E5C00A18E90 /* Assets.xcassets */ = {isa = PBXFileReference; lastKnownFileType = folder.assetcatalog; path = Assets.xcassets; sourceTree = "<group>"; };
		22B1D0101BE01E5C00A18E90 /* Base */ = {isa = PBXFileReference; lastKnownFileType = file.storyboard; name = Base; path = Base.lproj/LaunchScreen.storyboard; sourceTree = "<group>"; };
		22B1D0121BE01E5C00A18E90 /* Info.plist */ = {isa = PBXFileReference; lastKnownFileType = text.plist.xml; path = Info.plist; sourceTree = "<group>"; };
		22CE2E061BE2CF8900DA5A28 /* PewTableViewController.swift */ = {isa = PBXFileReference; fileEncoding = 4; lastKnownFileType = sourcecode.swift; path = PewTableViewController.swift; sourceTree = "<group>"; };
		22CE2E081BE39CF600DA5A28 /* PewView.swift */ = {isa = PBXFileReference; fileEncoding = 4; lastKnownFileType = sourcecode.swift; path = PewView.swift; sourceTree = "<group>"; };
/* End PBXFileReference section */

/* Begin PBXFrameworksBuildPhase section */
		22B1D0001BE01E5B00A18E90 /* Frameworks */ = {
			isa = PBXFrameworksBuildPhase;
			buildActionMask = 2147483647;
			files = (
			);
			runOnlyForDeploymentPostprocessing = 0;
		};
/* End PBXFrameworksBuildPhase section */

/* Begin PBXGroup section */
		22B1CFFA1BE01E5B00A18E90 = {
			isa = PBXGroup;
			children = (
				22B1D0051BE01E5C00A18E90 /* StackView */,
				22B1D0041BE01E5C00A18E90 /* Products */,
			);
			sourceTree = "<group>";
		};
		22B1D0041BE01E5C00A18E90 /* Products */ = {
			isa = PBXGroup;
			children = (
				22B1D0031BE01E5C00A18E90 /* StackView.app */,
			);
			name = Products;
			sourceTree = "<group>";
		};
		22B1D0051BE01E5C00A18E90 /* StackView */ = {
			isa = PBXGroup;
			children = (
				22B1D0061BE01E5C00A18E90 /* AppDelegate.swift */,
				22B1D0081BE01E5C00A18E90 /* ViewController.swift */,
				228E01391BE40246005D3C05 /* MyPlayground.playground */,
				22CE2E081BE39CF600DA5A28 /* PewView.swift */,
				22CE2E061BE2CF8900DA5A28 /* PewTableViewController.swift */,
				228E013A1BE4FBD7005D3C05 /* FloatButtonViewController.swift */,
				22B1D00A1BE01E5C00A18E90 /* Main.storyboard */,
				22B1D00D1BE01E5C00A18E90 /* Assets.xcassets */,
				22B1D00F1BE01E5C00A18E90 /* LaunchScreen.storyboard */,
				22B1D0121BE01E5C00A18E90 /* Info.plist */,
				2280B1A01BE68BEE00629BC0 /* TraitView.swift */,
			);
			path = StackView;
			sourceTree = "<group>";
		};
/* End PBXGroup section */

/* Begin PBXNativeTarget section */
		22B1D0021BE01E5B00A18E90 /* StackView */ = {
			isa = PBXNativeTarget;
			buildConfigurationList = 22B1D0151BE01E5C00A18E90 /* Build configuration list for PBXNativeTarget "StackView" */;
			buildPhases = (
				22B1CFFF1BE01E5B00A18E90 /* Sources */,
				22B1D0001BE01E5B00A18E90 /* Frameworks */,
				22B1D0011BE01E5B00A18E90 /* Resources */,
			);
			buildRules = (
			);
			dependencies = (
			);
			name = StackView;
			productName = StackView;
			productReference = 22B1D0031BE01E5C00A18E90 /* StackView.app */;
			productType = "com.apple.product-type.application";
		};
/* End PBXNativeTarget section */

/* Begin PBXProject section */
		22B1CFFB1BE01E5B00A18E90 /* Project object */ = {
			isa = PBXProject;
			attributes = {
				LastSwiftUpdateCheck = 0710;
				LastUpgradeCheck = 0710;
				ORGANIZATIONNAME = "Kostya Bychkov";
				TargetAttributes = {
					22B1D0021BE01E5B00A18E90 = {
						CreatedOnToolsVersion = 7.1;
					};
				};
			};
			buildConfigurationList = 22B1CFFE1BE01E5B00A18E90 /* Build configuration list for PBXProject "StackView" */;
			compatibilityVersion = "Xcode 3.2";
			developmentRegion = English;
			hasScannedForEncodings = 0;
			knownRegions = (
				en,
				Base,
			);
			mainGroup = 22B1CFFA1BE01E5B00A18E90;
			productRefGroup = 22B1D0041BE01E5C00A18E90 /* Products */;
			projectDirPath = "";
			projectRoot = "";
			targets = (
				22B1D0021BE01E5B00A18E90 /* StackView */,
			);
		};
/* End PBXProject section */

/* Begin PBXResourcesBuildPhase section */
		22B1D0011BE01E5B00A18E90 /* Resources */ = {
			isa = PBXResourcesBuildPhase;
			buildActionMask = 2147483647;
			files = (
				22B1D0111BE01E5C00A18E90 /* LaunchScreen.storyboard in Resources */,
				22B1D00E1BE01E5C00A18E90 /* Assets.xcassets in Resources */,
				22B1D00C1BE01E5C00A18E90 /* Main.storyboard in Resources */,
			);
			runOnlyForDeploymentPostprocessing = 0;
		};
/* End PBXResourcesBuildPhase section */

/* Begin PBXSourcesBuildPhase section */
		22B1CFFF1BE01E5B00A18E90 /* Sources */ = {
			isa = PBXSourcesBuildPhase;
			buildActionMask = 2147483647;
			files = (
				22B1D0091BE01E5C00A18E90 /* ViewController.swift in Sources */,
				2280B1A11BE68BEE00629BC0 /* TraitView.swift in Sources */,
				22B1D0071BE01E5C00A18E90 /* AppDelegate.swift in Sources */,
				22CE2E071BE2CF8900DA5A28 /* PewTableViewController.swift in Sources */,
				228E013B1BE4FBD7005D3C05 /* FloatButtonViewController.swift in Sources */,
				22CE2E091BE39CF600DA5A28 /* PewView.swift in Sources */,
			);
			runOnlyForDeploymentPostprocessing = 0;
		};
/* End PBXSourcesBuildPhase section */

/* Begin PBXVariantGroup section */
		22B1D00A1BE01E5C00A18E90 /* Main.storyboard */ = {
			isa = PBXVariantGroup;
			children = (
				22B1D00B1BE01E5C00A18E90 /* Base */,
			);
			name = Main.storyboard;
			sourceTree = "<group>";
		};
		22B1D00F1BE01E5C00A18E90 /* LaunchScreen.storyboard */ = {
			isa = PBXVariantGroup;
			children = (
				22B1D0101BE01E5C00A18E90 /* Base */,
			);
			name = LaunchScreen.storyboard;
			sourceTree = "<group>";
		};
/* End PBXVariantGroup section */

/* Begin XCBuildConfiguration section */
		22B1D0131BE01E5C00A18E90 /* Debug */ = {
			isa = XCBuildConfiguration;
			buildSettings = {
				ALWAYS_SEARCH_USER_PATHS = NO;
				CLANG_CXX_LANGUAGE_STANDARD = "gnu++0x";
				CLANG_CXX_LIBRARY = "libc++";
				CLANG_ENABLE_MODULES = YES;
				CLANG_ENABLE_OBJC_ARC = YES;
				CLANG_WARN_BOOL_CONVERSION = YES;
				CLANG_WARN_CONSTANT_CONVERSION = YES;
				CLANG_WARN_DIRECT_OBJC_ISA_USAGE = YES_ERROR;
				CLANG_WARN_EMPTY_BODY = YES;
				CLANG_WARN_ENUM_CONVERSION = YES;
				CLANG_WARN_INT_CONVERSION = YES;
				CLANG_WARN_OBJC_ROOT_CLASS = YES_ERROR;
				CLANG_WARN_UNREACHABLE_CODE = YES;
				CLANG_WARN__DUPLICATE_METHOD_MATCH = YES;
				"CODE_SIGN_IDENTITY[sdk=iphoneos*]" = "iPhone Developer";
				COPY_PHASE_STRIP = NO;
				DEBUG_INFORMATION_FORMAT = dwarf;
				ENABLE_STRICT_OBJC_MSGSEND = YES;
				ENABLE_TESTABILITY = YES;
				GCC_C_LANGUAGE_STANDARD = gnu99;
				GCC_DYNAMIC_NO_PIC = NO;
				GCC_NO_COMMON_BLOCKS = YES;
				GCC_OPTIMIZATION_LEVEL = 0;
				GCC_PREPROCESSOR_DEFINITIONS = (
					"DEBUG=1",
					"$(inherited)",
				);
				GCC_WARN_64_TO_32_BIT_CONVERSION = YES;
				GCC_WARN_ABOUT_RETURN_TYPE = YES_ERROR;
				GCC_WARN_UNDECLARED_SELECTOR = YES;
				GCC_WARN_UNINITIALIZED_AUTOS = YES_AGGRESSIVE;
				GCC_WARN_UNUSED_FUNCTION = YES;
				GCC_WARN_UNUSED_VARIABLE = YES;
				IPHONEOS_DEPLOYMENT_TARGET = 9.1;
				MTL_ENABLE_DEBUG_INFO = YES;
				ONLY_ACTIVE_ARCH = YES;
				SDKROOT = iphoneos;
				SWIFT_OPTIMIZATION_LEVEL = "-Onone";
				TARGETED_DEVICE_FAMILY = "1,2";
			};
			name = Debug;
		};
		22B1D0141BE01E5C00A18E90 /* Release */ = {
			isa = XCBuildConfiguration;
			buildSettings = {
				ALWAYS_SEARCH_USER_PATHS = NO;
				CLANG_CXX_LANGUAGE_STANDARD = "gnu++0x";
				CLANG_CXX_LIBRARY = "libc++";
				CLANG_ENABLE_MODULES = YES;
				CLANG_ENABLE_OBJC_ARC = YES;
				CLANG_WARN_BOOL_CONVERSION = YES;
				CLANG_WARN_CONSTANT_CONVERSION = YES;
				CLANG_WARN_DIRECT_OBJC_ISA_USAGE = YES_ERROR;
				CLANG_WARN_EMPTY_BODY = YES;
				CLANG_WARN_ENUM_CONVERSION = YES;
				CLANG_WARN_INT_CONVERSION = YES;
				CLANG_WARN_OBJC_ROOT_CLASS = YES_ERROR;
				CLANG_WARN_UNREACHABLE_CODE = YES;
				CLANG_WARN__DUPLICATE_METHOD_MATCH = YES;
				"CODE_SIGN_IDENTITY[sdk=iphoneos*]" = "iPhone Developer";
				COPY_PHASE_STRIP = NO;
				DEBUG_INFORMATION_FORMAT = "dwarf-with-dsym";
				ENABLE_NS_ASSERTIONS = NO;
				ENABLE_STRICT_OBJC_MSGSEND = YES;
				GCC_C_LANGUAGE_STANDARD = gnu99;
				GCC_NO_COMMON_BLOCKS = YES;
				GCC_WARN_64_TO_32_BIT_CONVERSION = YES;
				GCC_WARN_ABOUT_RETURN_TYPE = YES_ERROR;
				GCC_WARN_UNDECLARED_SELECTOR = YES;
				GCC_WARN_UNINITIALIZED_AUTOS = YES_AGGRESSIVE;
				GCC_WARN_UNUSED_FUNCTION = YES;
				GCC_WARN_UNUSED_VARIABLE = YES;
				IPHONEOS_DEPLOYMENT_TARGET = 9.1;
				MTL_ENABLE_DEBUG_INFO = NO;
				SDKROOT = iphoneos;
				TARGETED_DEVICE_FAMILY = "1,2";
				VALIDATE_PRODUCT = YES;
			};
			name = Release;
		};
		22B1D0161BE01E5C00A18E90 /* Debug */ = {
			isa = XCBuildConfiguration;
			buildSettings = {
				ASSETCATALOG_COMPILER_APPICON_NAME = AppIcon;
				INFOPLIST_FILE = StackView/Info.plist;
				LD_RUNPATH_SEARCH_PATHS = "$(inherited) @executable_path/Frameworks";
				PRODUCT_BUNDLE_IDENTIFIER = com.cikluminteractive.StackView;
				PRODUCT_NAME = "$(TARGET_NAME)";
			};
			name = Debug;
		};
		22B1D0171BE01E5C00A18E90 /* Release */ = {
			isa = XCBuildConfiguration;
			buildSettings = {
				ASSETCATALOG_COMPILER_APPICON_NAME = AppIcon;
				INFOPLIST_FILE = StackView/Info.plist;
				LD_RUNPATH_SEARCH_PATHS = "$(inherited) @executable_path/Frameworks";
				PRODUCT_BUNDLE_IDENTIFIER = com.cikluminteractive.StackView;
				PRODUCT_NAME = "$(TARGET_NAME)";
			};
			name = Release;
		};
/* End XCBuildConfiguration section */

/* Begin XCConfigurationList section */
		22B1CFFE1BE01E5B00A18E90 /* Build configuration list for PBXProject "StackView" */ = {
			isa = XCConfigurationList;
			buildConfigurations = (
				22B1D0131BE01E5C00A18E90 /* Debug */,
				22B1D0141BE01E5C00A18E90 /* Release */,
			);
			defaultConfigurationIsVisible = 0;
			defaultConfigurationName = Release;
		};
		22B1D0151BE01E5C00A18E90 /* Build configuration list for PBXNativeTarget "StackView" */ = {
			isa = XCConfigurationList;
			buildConfigurations = (
				22B1D0161BE01E5C00A18E90 /* Debug */,
				22B1D0171BE01E5C00A18E90 /* Release */,
			);
			defaultConfigurationIsVisible = 0;
			defaultConfigurationName = Release;
		};
/* End XCConfigurationList section */
	};
	rootObject = 22B1CFFB1BE01E5B00A18E90 /* Project object */;
}
